
Microsoft Visual Studio Solution File, Format Version 12.00
# Visual Studio Version 16
VisualStudioVersion = 16.0.29424.173
MinimumVisualStudioVersion = 10.0.40219.1
Project("{9A19103F-16F7-4668-BE54-9A1E7A4F7556}") = "Strava.NET", "strava-net-master\src\Strava.NET.csproj", "{345CBA82-1CF8-4DE9-B730-2B254AC55156}"
EndProject
Project("{9A19103F-16F7-4668-BE54-9A1E7A4F7556}") = "HeatmapData", "HeatmapData\HeatmapData.csproj", "{DC1D7024-FA9D-409A-85A8-FC63C263F9D0}"
EndProject
Project("{FAE04EC0-301F-11D3-BF4B-00C04F79EFBC}") = "HeatMapExe", "HeatMapExe\HeatMapExe.csproj", "{33CAB9F3-0E8A-497E-B906-15FBD36F99CF}"
EndProject
Global
	GlobalSection(SolutionConfigurationPlatforms) = preSolution
		Debug|Any CPU = Debug|Any CPU
		Release|Any CPU = Release|Any CPU
	EndGlobalSection
	GlobalSection(ProjectConfigurationPlatforms) = postSolution
		{345CBA82-1CF8-4DE9-B730-2B254AC55156}.Debug|Any CPU.ActiveCfg = Debug|Any CPU
		{345CBA82-1CF8-4DE9-B730-2B254AC55156}.Debug|Any CPU.Build.0 = Debug|Any CPU
		{345CBA82-1CF8-4DE9-B730-2B254AC55156}.Release|Any CPU.ActiveCfg = Release|Any CPU
		{345CBA82-1CF8-4DE9-B730-2B254AC55156}.Release|Any CPU.Build.0 = Release|Any CPU
		{DC1D7024-FA9D-409A-85A8-FC63C263F9D0}.Debug|Any CPU.ActiveCfg = Debug|Any CPU
		{DC1D7024-FA9D-409A-85A8-FC63C263F9D0}.Debug|Any CPU.Build.0 = Debug|Any CPU
		{DC1D7024-FA9D-409A-85A8-FC63C263F9D0}.Release|Any CPU.ActiveCfg = Release|Any CPU
		{DC1D7024-FA9D-409A-85A8-FC63C263F9D0}.Release|Any CPU.Build.0 = Release|Any CPU
		{33CAB9F3-0E8A-497E-B906-15FBD36F99CF}.Debug|Any CPU.ActiveCfg = Debug|Any CPU
		{33CAB9F3-0E8A-497E-B906-15FBD36F99CF}.Debug|Any CPU.Build.0 = Debug|Any CPU
		{33CAB9F3-0E8A-497E-B906-15FBD36F99CF}.Release|Any CPU.ActiveCfg = Release|Any CPU
		{33CAB9F3-0E8A-497E-B906-15FBD36F99CF}.Release|Any CPU.Build.0 = Release|Any CPU
	EndGlobalSection
	GlobalSection(SolutionProperties) = preSolution
		HideSolutionNode = FALSE
	EndGlobalSection
	GlobalSection(ExtensibilityGlobals) = postSolution
		SolutionGuid = {ABF68A94-6D74-4446-BA4C-6082FB392430}
	EndGlobalSection
EndGlobal
